Microsoft Visual Studio Solution File, Format Version 12.00
# Visual Studio Version 17
VisualStudioVersion = 17.2.32516.85
MinimumVisualStudioVersion = 10.0.40219.1
Project("{9A19103F-16F7-4668-BE54-9A1E7A4F7556}") = "CH.SipHash", "CH.SipHash\CH.SipHash.csproj", "{74FB40C2-F45F-441B-97EF-A3E8B709C58A}"
EndProject
Project("{9A19103F-16F7-4668-BE54-9A1E7A4F7556}") = "CH.SipHash.Test", "CH.SipHash.Test\CH.SipHash.Test.csproj", "{F1850EB1-1F4F-4020-A3F1-30128016356F}"
EndProject
Global
	GlobalSection(SolutionConfigurationPlatforms) = preSolution
		Debug|Any CPU = Debug|Any CPU
		Release|Any CPU = Release|Any CPU
	EndGlobalSection
	GlobalSection(ProjectConfigurationPlatforms) = postSolution
		{74FB40C2-F45F-441B-97EF-A3E8B709C58A}.Debug|Any CPU.ActiveCfg = Debug|Any CPU
		{74FB40C2-F45F-441B-97EF-A3E8B709C58A}.Debug|Any CPU.Build.0 = Debug|Any CPU
		{74FB40C2-F45F-441B-97EF-A3E8B709C58A}.Release|Any CPU.ActiveCfg = Release|Any CPU
		{74FB40C2-F45F-441B-97EF-A3E8B709C58A}.Release|Any CPU.Build.0 = Release|Any CPU
		{F1850EB1-1F4F-4020-A3F1-30128016356F}.Debug|Any CPU.ActiveCfg = Debug|Any CPU
		{F1850EB1-1F4F-4020-A3F1-30128016356F}.Debug|Any CPU.Build.0 = Debug|Any CPU
		{F1850EB1-1F4F-4020-A3F1-30128016356F}.Release|Any CPU.ActiveCfg = Release|Any CPU
		{F1850EB1-1F4F-4020-A3F1-30128016356F}.Release|Any CPU.Build.0 = Release|Any CPU
	EndGlobalSection
	GlobalSection(SolutionProperties) = preSolution
		HideSolutionNode = FALSE
	EndGlobalSection
	GlobalSection(ExtensibilityGlobals) = postSolution
		SolutionGuid = {3ED2DC06-1E6A-45F1-881B-78DA2E5B64DE}
	EndGlobalSection
EndGlobal
